
Microsoft Visual Studio Solution File, Format Version 12.00
# Visual Studio Version 17
VisualStudioVersion = 17.14.36616.10
MinimumVisualStudioVersion = 10.0.40219.1
Project("{2150E333-8FDC-42A3-9474-1A3956D46DE8}") = "src", "src", "{02EA681E-C7D8-13C7-8484-4AC65E1B71E8}"
EndProject
Project("{2150E333-8FDC-42A3-9474-1A3956D46DE8}") = "host", "host", "{A8A8AA48-77C0-4B39-A747-2B6C9D2E5E68}"
EndProject
Project("{FAE04EC0-301F-11D3-BF4B-00C04F79EFBC}") = "InvestmentHub.AppHost", "host\InvestmentHub.AppHost\InvestmentHub.AppHost.csproj", "{92351FEB-00E0-94AE-ACE7-A69F2D03B5B4}"
EndProject
Project("{FAE04EC0-301F-11D3-BF4B-00C04F79EFBC}") = "InvestmentHub.ServiceDefaults", "host\InvestmentHub.ServiceDefaults\InvestmentHub.ServiceDefaults.csproj", "{564D9C0A-0F9F-E8FE-5BA9-486C29D748D9}"
EndProject
Project("{FAE04EC0-301F-11D3-BF4B-00C04F79EFBC}") = "InvestmentHub.Web", "src\InvestmentHub.Web\InvestmentHub.Web.csproj", "{D31C18FB-2D86-06AE-A5CD-011E46AAB27C}"
EndProject
Project("{FAE04EC0-301F-11D3-BF4B-00C04F79EFBC}") = "InvestmentHub.Domain", "src\InvestmentHub.Domain\InvestmentHub.Domain.csproj", "{F5820D39-229E-452B-83AD-CC465421DCB9}"
EndProject
Project("{FAE04EC0-301F-11D3-BF4B-00C04F79EFBC}") = "InvestmentHub.Application", "src\InvestmentHub.Application\InvestmentHub.Application.csproj", "{4F6AFD27-4EF5-405C-A65D-8AFF6F0C9077}"
EndProject
Project("{FAE04EC0-301F-11D3-BF4B-00C04F79EFBC}") = "InvestmentHub.Infrastructure", "src\InvestmentHub.Infrastructure\InvestmentHub.Infrastructure.csproj", "{662353EC-3814-414F-A46B-8B7774A387A5}"
EndProject
Project("{FAE04EC0-301F-11D3-BF4B-00C04F79EFBC}") = "InvestmentHub.API", "src\InvestmentHub.API\InvestmentHub.API.csproj", "{AEF102DC-7C99-4A56-8332-306DFBA7EA31}"
EndProject
Project("{FAE04EC0-301F-11D3-BF4B-00C04F79EFBC}") = "InvestmentHub.Workers", "src\InvestmentHub.Workers\InvestmentHub.Workers.csproj", "{7AA682B0-1111-48C5-8E3E-7C053E71DE68}"
EndProject
Global
	GlobalSection(SolutionConfigurationPlatforms) = preSolution
		Debug|Any CPU = Debug|Any CPU
		Debug|x64 = Debug|x64
		Debug|x86 = Debug|x86
		Release|Any CPU = Release|Any CPU
		Release|x64 = Release|x64
		Release|x86 = Release|x86
	EndGlobalSection
	GlobalSection(ProjectConfigurationPlatforms) = postSolution
		{92351FEB-00E0-94AE-ACE7-A69F2D03B5B4}.Debug|Any CPU.ActiveCfg = Debug|Any CPU
		{92351FEB-00E0-94AE-ACE7-A69F2D03B5B4}.Debug|Any CPU.Build.0 = Debug|Any CPU
		{92351FEB-00E0-94AE-ACE7-A69F2D03B5B4}.Debug|x64.ActiveCfg = Debug|Any CPU
		{92351FEB-00E0-94AE-ACE7-A69F2D03B5B4}.Debug|x64.Build.0 = Debug|Any CPU
		{92351FEB-00E0-94AE-ACE7-A69F2D03B5B4}.Debug|x86.ActiveCfg = Debug|Any CPU
		{92351FEB-00E0-94AE-ACE7-A69F2D03B5B4}.Debug|x86.Build.0 = Debug|Any CPU
		{92351FEB-00E0-94AE-ACE7-A69F2D03B5B4}.Release|Any CPU.ActiveCfg = Release|Any CPU
		{92351FEB-00E0-94AE-ACE7-A69F2D03B5B4}.Release|Any CPU.Build.0 = Release|Any CPU
		{92351FEB-00E0-94AE-ACE7-A69F2D03B5B4}.Release|x64.ActiveCfg = Release|Any CPU
		{92351FEB-00E0-94AE-ACE7-A69F2D03B5B4}.Release|x64.Build.0 = Release|Any CPU
		{92351FEB-00E0-94AE-ACE7-A69F2D03B5B4}.Release|x86.ActiveCfg = Release|Any CPU
		{92351FEB-00E0-94AE-ACE7-A69F2D03B5B4}.Release|x86.Build.0 = Release|Any CPU
		{564D9C0A-0F9F-E8FE-5BA9-486C29D748D9}.Debug|Any CPU.ActiveCfg = Debug|Any CPU
		{564D9C0A-0F9F-E8FE-5BA9-486C29D748D9}.Debug|Any CPU.Build.0 = Debug|Any CPU
		{564D9C0A-0F9F-E8FE-5BA9-486C29D748D9}.Debug|x64.ActiveCfg = Debug|Any CPU
		{564D9C0A-0F9F-E8FE-5BA9-486C29D748D9}.Debug|x64.Build.0 = Debug|Any CPU
		{564D9C0A-0F9F-E8FE-5BA9-486C29D748D9}.Debug|x86.ActiveCfg = Debug|Any CPU
		{564D9C0A-0F9F-E8FE-5BA9-486C29D748D9}.Debug|x86.Build.0 = Debug|Any CPU
		{564D9C0A-0F9F-E8FE-5BA9-486C29D748D9}.Release|Any CPU.ActiveCfg = Release|Any CPU
		{564D9C0A-0F9F-E8FE-5BA9-486C29D748D9}.Release|Any CPU.Build.0 = Release|Any CPU
		{564D9C0A-0F9F-E8FE-5BA9-486C29D748D9}.Release|x64.ActiveCfg = Release|Any CPU
		{564D9C0A-0F9F-E8FE-5BA9-486C29D748D9}.Release|x64.Build.0 = Release|Any CPU
		{564D9C0A-0F9F-E8FE-5BA9-486C29D748D9}.Release|x86.ActiveCfg = Release|Any CPU
		{564D9C0A-0F9F-E8FE-5BA9-486C29D748D9}.Release|x86.Build.0 = Release|Any CPU
		{D31C18FB-2D86-06AE-A5CD-011E46AAB27C}.Debug|Any CPU.ActiveCfg = Debug|Any CPU
		{D31C18FB-2D86-06AE-A5CD-011E46AAB27C}.Debug|Any CPU.Build.0 = Debug|Any CPU
		{D31C18FB-2D86-06AE-A5CD-011E46AAB27C}.Debug|x64.ActiveCfg = Debug|Any CPU
		{D31C18FB-2D86-06AE-A5CD-011E46AAB27C}.Debug|x64.Build.0 = Debug|Any CPU
		{D31C18FB-2D86-06AE-A5CD-011E46AAB27C}.Debug|x86.ActiveCfg = Debug|Any CPU
		{D31C18FB-2D86-06AE-A5CD-011E46AAB27C}.Debug|x86.Build.0 = Debug|Any CPU
		{D31C18FB-2D86-06AE-A5CD-011E46AAB27C}.Release|Any CPU.ActiveCfg = Release|Any CPU
		{D31C18FB-2D86-06AE-A5CD-011E46AAB27C}.Release|Any CPU.Build.0 = Release|Any CPU
		{D31C18FB-2D86-06AE-A5CD-011E46AAB27C}.Release|x64.ActiveCfg = Release|Any CPU
		{D31C18FB-2D86-06AE-A5CD-011E46AAB27C}.Release|x64.Build.0 = Release|Any CPU
		{D31C18FB-2D86-06AE-A5CD-011E46AAB27C}.Release|x86.ActiveCfg = Release|Any CPU
		{D31C18FB-2D86-06AE-A5CD-011E46AAB27C}.Release|x86.Build.0 = Release|Any CPU
		{F5820D39-229E-452B-83AD-CC465421DCB9}.Debug|Any CPU.ActiveCfg = Debug|Any CPU
		{F5820D39-229E-452B-83AD-CC465421DCB9}.Debug|Any CPU.Build.0 = Debug|Any CPU
		{F5820D39-229E-452B-83AD-CC465421DCB9}.Debug|x64.ActiveCfg = Debug|Any CPU
		{F5820D39-229E-452B-83AD-CC465421DCB9}.Debug|x64.Build.0 = Debug|Any CPU
		{F5820D39-229E-452B-83AD-CC465421DCB9}.Debug|x86.ActiveCfg = Debug|Any CPU
		{F5820D39-229E-452B-83AD-CC465421DCB9}.Debug|x86.Build.0 = Debug|Any CPU
		{F5820D39-229E-452B-83AD-CC465421DCB9}.Release|Any CPU.ActiveCfg = Release|Any CPU
		{F5820D39-229E-452B-83AD-CC465421DCB9}.Release|Any CPU.Build.0 = Release|Any CPU
		{F5820D39-229E-452B-83AD-CC465421DCB9}.Release|x64.ActiveCfg = Release|Any CPU
		{F5820D39-229E-452B-83AD-CC465421DCB9}.Release|x64.Build.0 = Release|Any CPU
		{F5820D39-229E-452B-83AD-CC465421DCB9}.Release|x86.ActiveCfg = Release|Any CPU
		{F5820D39-229E-452B-83AD-CC465421DCB9}.Release|x86.Build.0 = Release|Any CPU
		{4F6AFD27-4EF5-405C-A65D-8AFF6F0C9077}.Debug|Any CPU.ActiveCfg = Debug|Any CPU
		{4F6AFD27-4EF5-405C-A65D-8AFF6F0C9077}.Debug|Any CPU.Build.0 = Debug|Any CPU
		{4F6AFD27-4EF5-405C-A65D-8AFF6F0C9077}.Debug|x64.ActiveCfg = Debug|Any CPU
		{4F6AFD27-4EF5-405C-A65D-8AFF6F0C9077}.Debug|x64.Build.0 = Debug|Any CPU
		{4F6AFD27-4EF5-405C-A65D-8AFF6F0C9077}.Debug|x86.ActiveCfg = Debug|Any CPU
		{4F6AFD27-4EF5-405C-A65D-8AFF6F0C9077}.Debug|x86.Build.0 = Debug|Any CPU
		{4F6AFD27-4EF5-405C-A65D-8AFF6F0C9077}.Release|Any CPU.ActiveCfg = Release|Any CPU
		{4F6AFD27-4EF5-405C-A65D-8AFF6F0C9077}.Release|Any CPU.Build.0 = Release|Any CPU
		{4F6AFD27-4EF5-405C-A65D-8AFF6F0C9077}.Release|x64.ActiveCfg = Release|Any CPU
		{4F6AFD27-4EF5-405C-A65D-8AFF6F0C9077}.Release|x64.Build.0 = Release|Any CPU
		{4F6AFD27-4EF5-405C-A65D-8AFF6F0C9077}.Release|x86.ActiveCfg = Release|Any CPU
		{4F6AFD27-4EF5-405C-A65D-8AFF6F0C9077}.Release|x86.Build.0 = Release|Any CPU
		{662353EC-3814-414F-A46B-8B7774A387A5}.Debug|Any CPU.ActiveCfg = Debug|Any CPU
		{662353EC-3814-414F-A46B-8B7774A387A5}.Debug|Any CPU.Build.0 = Debug|Any CPU
		{662353EC-3814-414F-A46B-8B7774A387A5}.Debug|x64.ActiveCfg = Debug|Any CPU
		{662353EC-3814-414F-A46B-8B7774A387A5}.Debug|x64.Build.0 = Debug|Any CPU
		{662353EC-3814-414F-A46B-8B7774A387A5}.Debug|x86.ActiveCfg = Debug|Any CPU
		{662353EC-3814-414F-A46B-8B7774A387A5}.Debug|x86.Build.0 = Debug|Any CPU
		{662353EC-3814-414F-A46B-8B7774A387A5}.Release|Any CPU.ActiveCfg = Release|Any CPU
		{662353EC-3814-414F-A46B-8B7774A387A5}.Release|Any CPU.Build.0 = Release|Any CPU
		{662353EC-3814-414F-A46B-8B7774A387A5}.Release|x64.ActiveCfg = Release|Any CPU
		{662353EC-3814-414F-A46B-8B7774A387A5}.Release|x64.Build.0 = Release|Any CPU
		{662353EC-3814-414F-A46B-8B7774A387A5}.Release|x86.ActiveCfg = Release|Any CPU
		{662353EC-3814-414F-A46B-8B7774A387A5}.Release|x86.Build.0 = Release|Any CPU
		{AEF102DC-7C99-4A56-8332-306DFBA7EA31}.Debug|Any CPU.ActiveCfg = Debug|Any CPU
		{AEF102DC-7C99-4A56-8332-306DFBA7EA31}.Debug|Any CPU.Build.0 = Debug|Any CPU
		{AEF102DC-7C99-4A56-8332-306DFBA7EA31}.Debug|x64.ActiveCfg = Debug|Any CPU
		{AEF102DC-7C99-4A56-8332-306DFBA7EA31}.Debug|x64.Build.0 = Debug|Any CPU
		{AEF102DC-7C99-4A56-8332-306DFBA7EA31}.Debug|x86.ActiveCfg = Debug|Any CPU
		{AEF102DC-7C99-4A56-8332-306DFBA7EA31}.Debug|x86.Build.0 = Debug|Any CPU
		{AEF102DC-7C99-4A56-8332-306DFBA7EA31}.Release|Any CPU.ActiveCfg = Release|Any CPU
		{AEF102DC-7C99-4A56-8332-306DFBA7EA31}.Release|Any CPU.Build.0 = Release|Any CPU
		{AEF102DC-7C99-4A56-8332-306DFBA7EA31}.Release|x64.ActiveCfg = Release|Any CPU
		{AEF102DC-7C99-4A56-8332-306DFBA7EA31}.Release|x64.Build.0 = Release|Any CPU
		{AEF102DC-7C99-4A56-8332-306DFBA7EA31}.Release|x86.ActiveCfg = Release|Any CPU
		{AEF102DC-7C99-4A56-8332-306DFBA7EA31}.Release|x86.Build.0 = Release|Any CPU
		{7AA682B0-1111-48C5-8E3E-7C053E71DE68}.Debug|Any CPU.ActiveCfg = Debug|Any CPU
		{7AA682B0-1111-48C5-8E3E-7C053E71DE68}.Debug|Any CPU.Build.0 = Debug|Any CPU
		{7AA682B0-1111-48C5-8E3E-7C053E71DE68}.Debug|x64.ActiveCfg = Debug|Any CPU
		{7AA682B0-1111-48C5-8E3E-7C053E71DE68}.Debug|x64.Build.0 = Debug|Any CPU
		{7AA682B0-1111-48C5-8E3E-7C053E71DE68}.Debug|x86.ActiveCfg = Debug|Any CPU
		{7AA682B0-1111-48C5-8E3E-7C053E71DE68}.Debug|x86.Build.0 = Debug|Any CPU
		{7AA682B0-1111-48C5-8E3E-7C053E71DE68}.Release|Any CPU.ActiveCfg = Release|Any CPU
		{7AA682B0-1111-48C5-8E3E-7C053E71DE68}.Release|Any CPU.Build.0 = Release|Any CPU
		{7AA682B0-1111-48C5-8E3E-7C053E71DE68}.Release|x64.ActiveCfg = Release|Any CPU
		{7AA682B0-1111-48C5-8E3E-7C053E71DE68}.Release|x64.Build.0 = Release|Any CPU
		{7AA682B0-1111-48C5-8E3E-7C053E71DE68}.Release|x86.ActiveCfg = Release|Any CPU
		{7AA682B0-1111-48C5-8E3E-7C053E71DE68}.Release|x86.Build.0 = Release|Any CPU
	EndGlobalSection
	GlobalSection(SolutionProperties) = preSolution
		HideSolutionNode = FALSE
	EndGlobalSection
	GlobalSection(NestedProjects) = preSolution
		{92351FEB-00E0-94AE-ACE7-A69F2D03B5B4} = {A8A8AA48-77C0-4B39-A747-2B6C9D2E5E68}
		{564D9C0A-0F9F-E8FE-5BA9-486C29D748D9} = {A8A8AA48-77C0-4B39-A747-2B6C9D2E5E68}
		{D31C18FB-2D86-06AE-A5CD-011E46AAB27C} = {02EA681E-C7D8-13C7-8484-4AC65E1B71E8}
		{F5820D39-229E-452B-83AD-CC465421DCB9} = {02EA681E-C7D8-13C7-8484-4AC65E1B71E8}
		{4F6AFD27-4EF5-405C-A65D-8AFF6F0C9077} = {02EA681E-C7D8-13C7-8484-4AC65E1B71E8}
		{662353EC-3814-414F-A46B-8B7774A387A5} = {02EA681E-C7D8-13C7-8484-4AC65E1B71E8}
		{AEF102DC-7C99-4A56-8332-306DFBA7EA31} = {02EA681E-C7D8-13C7-8484-4AC65E1B71E8}
		{7AA682B0-1111-48C5-8E3E-7C053E71DE68} = {02EA681E-C7D8-13C7-8484-4AC65E1B71E8}
	EndGlobalSection
	GlobalSection(ExtensibilityGlobals) = postSolution
		SolutionGuid = {6C5D9A23-0DE0-4D57-B35B-0DD0337C661E}
	EndGlobalSection
EndGlobal
