
Microsoft Visual Studio Solution File, Format Version 12.00
# Visual Studio Version 17
VisualStudioVersion = 17.14.36616.10
MinimumVisualStudioVersion = 10.0.40219.1
Project("{2150E333-8FDC-42A3-9474-1A3956D46DE8}") = "src", "src", "{02EA681E-C7D8-13C7-8484-4AC65E1B71E8}"
EndProject
Project("{2150E333-8FDC-42A3-9474-1A3956D46DE8}") = "host", "host", "{A8A8AA48-77C0-4B39-A747-2B6C9D2E5E68}"
EndProject
Project("{FAE04EC0-301F-11D3-BF4B-00C04F79EFBC}") = "InvestmentHub.AppHost", "host\InvestmentHub.AppHost\InvestmentHub.AppHost.csproj", "{92351FEB-00E0-94AE-ACE7-A69F2D03B5B4}"
EndProject
Project("{FAE04EC0-301F-11D3-BF4B-00C04F79EFBC}") = "InvestmentHub.ServiceDefaults", "host\InvestmentHub.ServiceDefaults\InvestmentHub.ServiceDefaults.csproj", "{564D9C0A-0F9F-E8FE-5BA9-486C29D748D9}"
EndProject
Project("{FAE04EC0-301F-11D3-BF4B-00C04F79EFBC}") = "InvestmentHub.Domain", "src\InvestmentHub.Domain\InvestmentHub.Domain.csproj", "{F5820D39-229E-452B-83AD-CC465421DCB9}"
EndProject
Project("{FAE04EC0-301F-11D3-BF4B-00C04F79EFBC}") = "InvestmentHub.Application", "src\InvestmentHub.Application\InvestmentHub.Application.csproj", "{4F6AFD27-4EF5-405C-A65D-8AFF6F0C9077}"
EndProject
Project("{FAE04EC0-301F-11D3-BF4B-00C04F79EFBC}") = "InvestmentHub.Infrastructure", "src\InvestmentHub.Infrastructure\InvestmentHub.Infrastructure.csproj", "{662353EC-3814-414F-A46B-8B7774A387A5}"
EndProject
Project("{FAE04EC0-301F-11D3-BF4B-00C04F79EFBC}") = "InvestmentHub.API", "src\InvestmentHub.API\InvestmentHub.API.csproj", "{AEF102DC-7C99-4A56-8332-306DFBA7EA31}"
EndProject
Project("{FAE04EC0-301F-11D3-BF4B-00C04F79EFBC}") = "InvestmentHub.Workers", "src\InvestmentHub.Workers\InvestmentHub.Workers.csproj", "{7AA682B0-1111-48C5-8E3E-7C053E71DE68}"
EndProject
Project("{2150E333-8FDC-42A3-9474-1A3956D46DE8}") = "tests", "tests", "{AFF8E2EE-1423-4517-9315-11DB045E9D29}"
EndProject
Project("{FAE04EC0-301F-11D3-BF4B-00C04F79EFBC}") = "InvestmentHub.Domain.Tests", "tests\InvestmentHub.Domain.Tests\InvestmentHub.Domain.Tests.csproj", "{D427172C-1D58-1333-2E47-CB23B590BE75}"
EndProject
Project("{FAE04EC0-301F-11D3-BF4B-00C04F79EFBC}") = "InvestmentHub.Web.Client", "src\InvestmentHub.Web.Client\InvestmentHub.Web.Client.csproj", "{C1636D35-D732-4D43-9B90-FEEF547B61E8}"
EndProject
Project("{FAE04EC0-301F-11D3-BF4B-00C04F79EFBC}") = "InvestmentHub.Contracts", "src\InvestmentHub.Contracts\InvestmentHub.Contracts.csproj", "{6A1DB25A-0AD4-4189-9AFD-91F8D3E3DBA0}"
EndProject
Project("{FAE04EC0-301F-11D3-BF4B-00C04F79EFBC}") = "InvestmentHub.Workers.Tests", "tests\InvestmentHub.Workers.Tests\InvestmentHub.Workers.Tests.csproj", "{6E165593-0DA5-407D-8782-1D152BC385CC}"
EndProject
Project("{FAE04EC0-301F-11D3-BF4B-00C04F79EFBC}") = "InvestmentHub.E2E.Tests", "tests\InvestmentHub.E2E.Tests\InvestmentHub.E2E.Tests.csproj", "{7CC50DE4-6D35-4DA1-978F-3A35D60E8676}"
EndProject
Project("{FAE04EC0-301F-11D3-BF4B-00C04F79EFBC}") = "InvestmentHub.Infrastructure.Tests", "tests\InvestmentHub.Infrastructure.Tests\InvestmentHub.Infrastructure.Tests.csproj", "{C86D5253-BA2F-46C7-B263-18EA9DF6D555}"
EndProject
Global
	GlobalSection(SolutionConfigurationPlatforms) = preSolution
		Debug|Any CPU = Debug|Any CPU
		Debug|x64 = Debug|x64
		Debug|x86 = Debug|x86
		Release|Any CPU = Release|Any CPU
		Release|x64 = Release|x64
		Release|x86 = Release|x86
	EndGlobalSection
	GlobalSection(ProjectConfigurationPlatforms) = postSolution
		{92351FEB-00E0-94AE-ACE7-A69F2D03B5B4}.Debug|Any CPU.ActiveCfg = Debug|Any CPU
		{92351FEB-00E0-94AE-ACE7-A69F2D03B5B4}.Debug|Any CPU.Build.0 = Debug|Any CPU
		{92351FEB-00E0-94AE-ACE7-A69F2D03B5B4}.Debug|x64.ActiveCfg = Debug|Any CPU
		{92351FEB-00E0-94AE-ACE7-A69F2D03B5B4}.Debug|x64.Build.0 = Debug|Any CPU
		{92351FEB-00E0-94AE-ACE7-A69F2D03B5B4}.Debug|x86.ActiveCfg = Debug|Any CPU
		{92351FEB-00E0-94AE-ACE7-A69F2D03B5B4}.Debug|x86.Build.0 = Debug|Any CPU
		{92351FEB-00E0-94AE-ACE7-A69F2D03B5B4}.Release|Any CPU.ActiveCfg = Release|Any CPU
		{92351FEB-00E0-94AE-ACE7-A69F2D03B5B4}.Release|Any CPU.Build.0 = Release|Any CPU
		{92351FEB-00E0-94AE-ACE7-A69F2D03B5B4}.Release|x64.ActiveCfg = Release|Any CPU
		{92351FEB-00E0-94AE-ACE7-A69F2D03B5B4}.Release|x64.Build.0 = Release|Any CPU
		{92351FEB-00E0-94AE-ACE7-A69F2D03B5B4}.Release|x86.ActiveCfg = Release|Any CPU
		{92351FEB-00E0-94AE-ACE7-A69F2D03B5B4}.Release|x86.Build.0 = Release|Any CPU
		{564D9C0A-0F9F-E8FE-5BA9-486C29D748D9}.Debug|Any CPU.ActiveCfg = Debug|Any CPU
		{564D9C0A-0F9F-E8FE-5BA9-486C29D748D9}.Debug|Any CPU.Build.0 = Debug|Any CPU
		{564D9C0A-0F9F-E8FE-5BA9-486C29D748D9}.Debug|x64.ActiveCfg = Debug|Any CPU
		{564D9C0A-0F9F-E8FE-5BA9-486C29D748D9}.Debug|x64.Build.0 = Debug|Any CPU
		{564D9C0A-0F9F-E8FE-5BA9-486C29D748D9}.Debug|x86.ActiveCfg = Debug|Any CPU
		{564D9C0A-0F9F-E8FE-5BA9-486C29D748D9}.Debug|x86.Build.0 = Debug|Any CPU
		{564D9C0A-0F9F-E8FE-5BA9-486C29D748D9}.Release|Any CPU.ActiveCfg = Release|Any CPU
		{564D9C0A-0F9F-E8FE-5BA9-486C29D748D9}.Release|Any CPU.Build.0 = Release|Any CPU
		{564D9C0A-0F9F-E8FE-5BA9-486C29D748D9}.Release|x64.ActiveCfg = Release|Any CPU
		{564D9C0A-0F9F-E8FE-5BA9-486C29D748D9}.Release|x64.Build.0 = Release|Any CPU
		{564D9C0A-0F9F-E8FE-5BA9-486C29D748D9}.Release|x86.ActiveCfg = Release|Any CPU
		{564D9C0A-0F9F-E8FE-5BA9-486C29D748D9}.Release|x86.Build.0 = Release|Any CPU
		{F5820D39-229E-452B-83AD-CC465421DCB9}.Debug|Any CPU.ActiveCfg = Debug|Any CPU
		{F5820D39-229E-452B-83AD-CC465421DCB9}.Debug|Any CPU.Build.0 = Debug|Any CPU
		{F5820D39-229E-452B-83AD-CC465421DCB9}.Debug|x64.ActiveCfg = Debug|Any CPU
		{F5820D39-229E-452B-83AD-CC465421DCB9}.Debug|x64.Build.0 = Debug|Any CPU
		{F5820D39-229E-452B-83AD-CC465421DCB9}.Debug|x86.ActiveCfg = Debug|Any CPU
		{F5820D39-229E-452B-83AD-CC465421DCB9}.Debug|x86.Build.0 = Debug|Any CPU
		{F5820D39-229E-452B-83AD-CC465421DCB9}.Release|Any CPU.ActiveCfg = Release|Any CPU
		{F5820D39-229E-452B-83AD-CC465421DCB9}.Release|Any CPU.Build.0 = Release|Any CPU
		{F5820D39-229E-452B-83AD-CC465421DCB9}.Release|x64.ActiveCfg = Release|Any CPU
		{F5820D39-229E-452B-83AD-CC465421DCB9}.Release|x64.Build.0 = Release|Any CPU
		{F5820D39-229E-452B-83AD-CC465421DCB9}.Release|x86.ActiveCfg = Release|Any CPU
		{F5820D39-229E-452B-83AD-CC465421DCB9}.Release|x86.Build.0 = Release|Any CPU
		{4F6AFD27-4EF5-405C-A65D-8AFF6F0C9077}.Debug|Any CPU.ActiveCfg = Debug|Any CPU
		{4F6AFD27-4EF5-405C-A65D-8AFF6F0C9077}.Debug|Any CPU.Build.0 = Debug|Any CPU
		{4F6AFD27-4EF5-405C-A65D-8AFF6F0C9077}.Debug|x64.ActiveCfg = Debug|Any CPU
		{4F6AFD27-4EF5-405C-A65D-8AFF6F0C9077}.Debug|x64.Build.0 = Debug|Any CPU
		{4F6AFD27-4EF5-405C-A65D-8AFF6F0C9077}.Debug|x86.ActiveCfg = Debug|Any CPU
		{4F6AFD27-4EF5-405C-A65D-8AFF6F0C9077}.Debug|x86.Build.0 = Debug|Any CPU
		{4F6AFD27-4EF5-405C-A65D-8AFF6F0C9077}.Release|Any CPU.ActiveCfg = Release|Any CPU
		{4F6AFD27-4EF5-405C-A65D-8AFF6F0C9077}.Release|Any CPU.Build.0 = Release|Any CPU
		{4F6AFD27-4EF5-405C-A65D-8AFF6F0C9077}.Release|x64.ActiveCfg = Release|Any CPU
		{4F6AFD27-4EF5-405C-A65D-8AFF6F0C9077}.Release|x64.Build.0 = Release|Any CPU
		{4F6AFD27-4EF5-405C-A65D-8AFF6F0C9077}.Release|x86.ActiveCfg = Release|Any CPU
		{4F6AFD27-4EF5-405C-A65D-8AFF6F0C9077}.Release|x86.Build.0 = Release|Any CPU
		{662353EC-3814-414F-A46B-8B7774A387A5}.Debug|Any CPU.ActiveCfg = Debug|Any CPU
		{662353EC-3814-414F-A46B-8B7774A387A5}.Debug|Any CPU.Build.0 = Debug|Any CPU
		{662353EC-3814-414F-A46B-8B7774A387A5}.Debug|x64.ActiveCfg = Debug|Any CPU
		{662353EC-3814-414F-A46B-8B7774A387A5}.Debug|x64.Build.0 = Debug|Any CPU
		{662353EC-3814-414F-A46B-8B7774A387A5}.Debug|x86.ActiveCfg = Debug|Any CPU
		{662353EC-3814-414F-A46B-8B7774A387A5}.Debug|x86.Build.0 = Debug|Any CPU
		{662353EC-3814-414F-A46B-8B7774A387A5}.Release|Any CPU.ActiveCfg = Release|Any CPU
		{662353EC-3814-414F-A46B-8B7774A387A5}.Release|Any CPU.Build.0 = Release|Any CPU
		{662353EC-3814-414F-A46B-8B7774A387A5}.Release|x64.ActiveCfg = Release|Any CPU
		{662353EC-3814-414F-A46B-8B7774A387A5}.Release|x64.Build.0 = Release|Any CPU
		{662353EC-3814-414F-A46B-8B7774A387A5}.Release|x86.ActiveCfg = Release|Any CPU
		{662353EC-3814-414F-A46B-8B7774A387A5}.Release|x86.Build.0 = Release|Any CPU
		{AEF102DC-7C99-4A56-8332-306DFBA7EA31}.Debug|Any CPU.ActiveCfg = Debug|Any CPU
		{AEF102DC-7C99-4A56-8332-306DFBA7EA31}.Debug|Any CPU.Build.0 = Debug|Any CPU
		{AEF102DC-7C99-4A56-8332-306DFBA7EA31}.Debug|x64.ActiveCfg = Debug|Any CPU
		{AEF102DC-7C99-4A56-8332-306DFBA7EA31}.Debug|x64.Build.0 = Debug|Any CPU
		{AEF102DC-7C99-4A56-8332-306DFBA7EA31}.Debug|x86.ActiveCfg = Debug|Any CPU
		{AEF102DC-7C99-4A56-8332-306DFBA7EA31}.Debug|x86.Build.0 = Debug|Any CPU
		{AEF102DC-7C99-4A56-8332-306DFBA7EA31}.Release|Any CPU.ActiveCfg = Release|Any CPU
		{AEF102DC-7C99-4A56-8332-306DFBA7EA31}.Release|Any CPU.Build.0 = Release|Any CPU
		{AEF102DC-7C99-4A56-8332-306DFBA7EA31}.Release|x64.ActiveCfg = Release|Any CPU
		{AEF102DC-7C99-4A56-8332-306DFBA7EA31}.Release|x64.Build.0 = Release|Any CPU
		{AEF102DC-7C99-4A56-8332-306DFBA7EA31}.Release|x86.ActiveCfg = Release|Any CPU
		{AEF102DC-7C99-4A56-8332-306DFBA7EA31}.Release|x86.Build.0 = Release|Any CPU
		{7AA682B0-1111-48C5-8E3E-7C053E71DE68}.Debug|Any CPU.ActiveCfg = Debug|Any CPU
		{7AA682B0-1111-48C5-8E3E-7C053E71DE68}.Debug|Any CPU.Build.0 = Debug|Any CPU
		{7AA682B0-1111-48C5-8E3E-7C053E71DE68}.Debug|x64.ActiveCfg = Debug|Any CPU
		{7AA682B0-1111-48C5-8E3E-7C053E71DE68}.Debug|x64.Build.0 = Debug|Any CPU
		{7AA682B0-1111-48C5-8E3E-7C053E71DE68}.Debug|x86.ActiveCfg = Debug|Any CPU
		{7AA682B0-1111-48C5-8E3E-7C053E71DE68}.Debug|x86.Build.0 = Debug|Any CPU
		{7AA682B0-1111-48C5-8E3E-7C053E71DE68}.Release|Any CPU.ActiveCfg = Release|Any CPU
		{7AA682B0-1111-48C5-8E3E-7C053E71DE68}.Release|Any CPU.Build.0 = Release|Any CPU
		{7AA682B0-1111-48C5-8E3E-7C053E71DE68}.Release|x64.ActiveCfg = Release|Any CPU
		{7AA682B0-1111-48C5-8E3E-7C053E71DE68}.Release|x64.Build.0 = Release|Any CPU
		{7AA682B0-1111-48C5-8E3E-7C053E71DE68}.Release|x86.ActiveCfg = Release|Any CPU
		{7AA682B0-1111-48C5-8E3E-7C053E71DE68}.Release|x86.Build.0 = Release|Any CPU
		{D427172C-1D58-1333-2E47-CB23B590BE75}.Debug|Any CPU.ActiveCfg = Debug|Any CPU
		{D427172C-1D58-1333-2E47-CB23B590BE75}.Debug|Any CPU.Build.0 = Debug|Any CPU
		{D427172C-1D58-1333-2E47-CB23B590BE75}.Debug|x64.ActiveCfg = Debug|Any CPU
		{D427172C-1D58-1333-2E47-CB23B590BE75}.Debug|x64.Build.0 = Debug|Any CPU
		{D427172C-1D58-1333-2E47-CB23B590BE75}.Debug|x86.ActiveCfg = Debug|Any CPU
		{D427172C-1D58-1333-2E47-CB23B590BE75}.Debug|x86.Build.0 = Debug|Any CPU
		{D427172C-1D58-1333-2E47-CB23B590BE75}.Release|Any CPU.ActiveCfg = Release|Any CPU
		{D427172C-1D58-1333-2E47-CB23B590BE75}.Release|Any CPU.Build.0 = Release|Any CPU
		{D427172C-1D58-1333-2E47-CB23B590BE75}.Release|x64.ActiveCfg = Release|Any CPU
		{D427172C-1D58-1333-2E47-CB23B590BE75}.Release|x64.Build.0 = Release|Any CPU
		{D427172C-1D58-1333-2E47-CB23B590BE75}.Release|x86.ActiveCfg = Release|Any CPU
		{D427172C-1D58-1333-2E47-CB23B590BE75}.Release|x86.Build.0 = Release|Any CPU
		{C1636D35-D732-4D43-9B90-FEEF547B61E8}.Debug|Any CPU.ActiveCfg = Debug|Any CPU
		{C1636D35-D732-4D43-9B90-FEEF547B61E8}.Debug|Any CPU.Build.0 = Debug|Any CPU
		{C1636D35-D732-4D43-9B90-FEEF547B61E8}.Debug|x64.ActiveCfg = Debug|Any CPU
		{C1636D35-D732-4D43-9B90-FEEF547B61E8}.Debug|x64.Build.0 = Debug|Any CPU
		{C1636D35-D732-4D43-9B90-FEEF547B61E8}.Debug|x86.ActiveCfg = Debug|Any CPU
		{C1636D35-D732-4D43-9B90-FEEF547B61E8}.Debug|x86.Build.0 = Debug|Any CPU
		{C1636D35-D732-4D43-9B90-FEEF547B61E8}.Release|Any CPU.ActiveCfg = Release|Any CPU
		{C1636D35-D732-4D43-9B90-FEEF547B61E8}.Release|Any CPU.Build.0 = Release|Any CPU
		{C1636D35-D732-4D43-9B90-FEEF547B61E8}.Release|x64.ActiveCfg = Release|Any CPU
		{C1636D35-D732-4D43-9B90-FEEF547B61E8}.Release|x64.Build.0 = Release|Any CPU
		{C1636D35-D732-4D43-9B90-FEEF547B61E8}.Release|x86.ActiveCfg = Release|Any CPU
		{C1636D35-D732-4D43-9B90-FEEF547B61E8}.Release|x86.Build.0 = Release|Any CPU
		{6A1DB25A-0AD4-4189-9AFD-91F8D3E3DBA0}.Debug|Any CPU.ActiveCfg = Debug|Any CPU
		{6A1DB25A-0AD4-4189-9AFD-91F8D3E3DBA0}.Debug|Any CPU.Build.0 = Debug|Any CPU
		{6A1DB25A-0AD4-4189-9AFD-91F8D3E3DBA0}.Debug|x64.ActiveCfg = Debug|Any CPU
		{6A1DB25A-0AD4-4189-9AFD-91F8D3E3DBA0}.Debug|x64.Build.0 = Debug|Any CPU
		{6A1DB25A-0AD4-4189-9AFD-91F8D3E3DBA0}.Debug|x86.ActiveCfg = Debug|Any CPU
		{6A1DB25A-0AD4-4189-9AFD-91F8D3E3DBA0}.Debug|x86.Build.0 = Debug|Any CPU
		{6A1DB25A-0AD4-4189-9AFD-91F8D3E3DBA0}.Release|Any CPU.ActiveCfg = Release|Any CPU
		{6A1DB25A-0AD4-4189-9AFD-91F8D3E3DBA0}.Release|Any CPU.Build.0 = Release|Any CPU
		{6A1DB25A-0AD4-4189-9AFD-91F8D3E3DBA0}.Release|x64.ActiveCfg = Release|Any CPU
		{6A1DB25A-0AD4-4189-9AFD-91F8D3E3DBA0}.Release|x64.Build.0 = Release|Any CPU
		{6A1DB25A-0AD4-4189-9AFD-91F8D3E3DBA0}.Release|x86.ActiveCfg = Release|Any CPU
		{6A1DB25A-0AD4-4189-9AFD-91F8D3E3DBA0}.Release|x86.Build.0 = Release|Any CPU
		{6E165593-0DA5-407D-8782-1D152BC385CC}.Debug|Any CPU.ActiveCfg = Debug|Any CPU
		{6E165593-0DA5-407D-8782-1D152BC385CC}.Debug|Any CPU.Build.0 = Debug|Any CPU
		{6E165593-0DA5-407D-8782-1D152BC385CC}.Debug|x64.ActiveCfg = Debug|Any CPU
		{6E165593-0DA5-407D-8782-1D152BC385CC}.Debug|x64.Build.0 = Debug|Any CPU
		{6E165593-0DA5-407D-8782-1D152BC385CC}.Debug|x86.ActiveCfg = Debug|Any CPU
		{6E165593-0DA5-407D-8782-1D152BC385CC}.Debug|x86.Build.0 = Debug|Any CPU
		{6E165593-0DA5-407D-8782-1D152BC385CC}.Release|Any CPU.ActiveCfg = Release|Any CPU
		{6E165593-0DA5-407D-8782-1D152BC385CC}.Release|Any CPU.Build.0 = Release|Any CPU
		{6E165593-0DA5-407D-8782-1D152BC385CC}.Release|x64.ActiveCfg = Release|Any CPU
		{6E165593-0DA5-407D-8782-1D152BC385CC}.Release|x64.Build.0 = Release|Any CPU
		{6E165593-0DA5-407D-8782-1D152BC385CC}.Release|x86.ActiveCfg = Release|Any CPU
		{6E165593-0DA5-407D-8782-1D152BC385CC}.Release|x86.Build.0 = Release|Any CPU
		{7CC50DE4-6D35-4DA1-978F-3A35D60E8676}.Debug|Any CPU.ActiveCfg = Debug|Any CPU
		{7CC50DE4-6D35-4DA1-978F-3A35D60E8676}.Debug|Any CPU.Build.0 = Debug|Any CPU
		{7CC50DE4-6D35-4DA1-978F-3A35D60E8676}.Debug|x64.ActiveCfg = Debug|Any CPU
		{7CC50DE4-6D35-4DA1-978F-3A35D60E8676}.Debug|x64.Build.0 = Debug|Any CPU
		{7CC50DE4-6D35-4DA1-978F-3A35D60E8676}.Debug|x86.ActiveCfg = Debug|Any CPU
		{7CC50DE4-6D35-4DA1-978F-3A35D60E8676}.Debug|x86.Build.0 = Debug|Any CPU
		{7CC50DE4-6D35-4DA1-978F-3A35D60E8676}.Release|Any CPU.ActiveCfg = Release|Any CPU
		{7CC50DE4-6D35-4DA1-978F-3A35D60E8676}.Release|Any CPU.Build.0 = Release|Any CPU
		{7CC50DE4-6D35-4DA1-978F-3A35D60E8676}.Release|x64.ActiveCfg = Release|Any CPU
		{7CC50DE4-6D35-4DA1-978F-3A35D60E8676}.Release|x64.Build.0 = Release|Any CPU
		{7CC50DE4-6D35-4DA1-978F-3A35D60E8676}.Release|x86.ActiveCfg = Release|Any CPU
		{7CC50DE4-6D35-4DA1-978F-3A35D60E8676}.Release|x86.Build.0 = Release|Any CPU
		{C86D5253-BA2F-46C7-B263-18EA9DF6D555}.Debug|Any CPU.ActiveCfg = Debug|Any CPU
		{C86D5253-BA2F-46C7-B263-18EA9DF6D555}.Debug|Any CPU.Build.0 = Debug|Any CPU
		{C86D5253-BA2F-46C7-B263-18EA9DF6D555}.Debug|x64.ActiveCfg = Debug|Any CPU
		{C86D5253-BA2F-46C7-B263-18EA9DF6D555}.Debug|x64.Build.0 = Debug|Any CPU
		{C86D5253-BA2F-46C7-B263-18EA9DF6D555}.Debug|x86.ActiveCfg = Debug|Any CPU
		{C86D5253-BA2F-46C7-B263-18EA9DF6D555}.Debug|x86.Build.0 = Debug|Any CPU
		{C86D5253-BA2F-46C7-B263-18EA9DF6D555}.Release|Any CPU.ActiveCfg = Release|Any CPU
		{C86D5253-BA2F-46C7-B263-18EA9DF6D555}.Release|Any CPU.Build.0 = Release|Any CPU
		{C86D5253-BA2F-46C7-B263-18EA9DF6D555}.Release|x64.ActiveCfg = Release|Any CPU
		{C86D5253-BA2F-46C7-B263-18EA9DF6D555}.Release|x64.Build.0 = Release|Any CPU
		{C86D5253-BA2F-46C7-B263-18EA9DF6D555}.Release|x86.ActiveCfg = Release|Any CPU
		{C86D5253-BA2F-46C7-B263-18EA9DF6D555}.Release|x86.Build.0 = Release|Any CPU
	EndGlobalSection
	GlobalSection(SolutionProperties) = preSolution
		HideSolutionNode = FALSE
	EndGlobalSection
	GlobalSection(NestedProjects) = preSolution
		{92351FEB-00E0-94AE-ACE7-A69F2D03B5B4} = {A8A8AA48-77C0-4B39-A747-2B6C9D2E5E68}
		{564D9C0A-0F9F-E8FE-5BA9-486C29D748D9} = {A8A8AA48-77C0-4B39-A747-2B6C9D2E5E68}
		{F5820D39-229E-452B-83AD-CC465421DCB9} = {02EA681E-C7D8-13C7-8484-4AC65E1B71E8}
		{4F6AFD27-4EF5-405C-A65D-8AFF6F0C9077} = {02EA681E-C7D8-13C7-8484-4AC65E1B71E8}
		{662353EC-3814-414F-A46B-8B7774A387A5} = {02EA681E-C7D8-13C7-8484-4AC65E1B71E8}
		{AEF102DC-7C99-4A56-8332-306DFBA7EA31} = {02EA681E-C7D8-13C7-8484-4AC65E1B71E8}
		{7AA682B0-1111-48C5-8E3E-7C053E71DE68} = {02EA681E-C7D8-13C7-8484-4AC65E1B71E8}
		{D427172C-1D58-1333-2E47-CB23B590BE75} = {AFF8E2EE-1423-4517-9315-11DB045E9D29}
		{C1636D35-D732-4D43-9B90-FEEF547B61E8} = {02EA681E-C7D8-13C7-8484-4AC65E1B71E8}
		{6A1DB25A-0AD4-4189-9AFD-91F8D3E3DBA0} = {02EA681E-C7D8-13C7-8484-4AC65E1B71E8}
		{6E165593-0DA5-407D-8782-1D152BC385CC} = {AFF8E2EE-1423-4517-9315-11DB045E9D29}
		{7CC50DE4-6D35-4DA1-978F-3A35D60E8676} = {AFF8E2EE-1423-4517-9315-11DB045E9D29}
		{C86D5253-BA2F-46C7-B263-18EA9DF6D555} = {AFF8E2EE-1423-4517-9315-11DB045E9D29}
	EndGlobalSection
	GlobalSection(ExtensibilityGlobals) = postSolution
		SolutionGuid = {6C5D9A23-0DE0-4D57-B35B-0DD0337C661E}
	EndGlobalSection
EndGlobal
